<?xml version="1.0" encoding="utf-8"?>
<Project ToolsVersion="4.0" xmlns="http://schemas.microsoft.com/developer/msbuild/2003">
  <ItemGroup>
    <Filter Include="Resource Files">
      <UniqueIdentifier>{67DA6AB6-F800-4c08-8B7A-83BB121AAD01}</UniqueIdentifier>
      <Extensions>rc;ico;cur;bmp;dlg;rc2;rct;bin;rgs;gif;jpg;jpeg;jpe;resx;tiff;tif;png;wav;mfcribbon-ms</Extensions>
    </Filter>
    <Filter Include="Engine">
      <UniqueIdentifier>{5b7bd9f1-c103-406e-8f7a-e971291bb993}</UniqueIdentifier>
    </Filter>
    <Filter Include="Game">
      <UniqueIdentifier>{c3930cb1-f09b-41af-b131-f1225c6e81db}</UniqueIdentifier>
    </Filter>
    <Filter Include="Util">
      <UniqueIdentifier>{502ef1dc-ae35-4533-ad0c-ef588d8278e9}</UniqueIdentifier>
    </Filter>
    <Filter Include="external">
      <UniqueIdentifier>{e584c3bd-4d36-4b9f-9dbc-dd278d8a4aa3}</UniqueIdentifier>
    </Filter>
    <Filter Include="external\glfw">
      <UniqueIdentifier>{84c4cd80-7177-42e4-9560-97049b103070}</UniqueIdentifier>
    </Filter>
    <Filter Include="Engine\Renderer">
      <UniqueIdentifier>{62547a66-a9d2-4251-b0ae-c99b9b489263}</UniqueIdentifier>
    </Filter>
    <Filter Include="assets">
      <UniqueIdentifier>{e6934d04-48c2-4d06-95b7-f898cf5f9ba3}</UniqueIdentifier>
    </Filter>
    <Filter Include="assets\shaders">
      <UniqueIdentifier>{9adb7349-93cc-4578-b7c1-745deb06f0e3}</UniqueIdentifier>
    </Filter>
    <Filter Include="Util\Math">
      <UniqueIdentifier>{947a370e-a11c-4e48-817a-363e927e7e14}</UniqueIdentifier>
    </Filter>
  </ItemGroup>
  <ItemGroup>
    <ClCompile Include="Engine\Engine.cpp">
      <Filter>Engine</Filter>
    </ClCompile>
    <ClCompile Include="Game\Game.cpp">
      <Filter>Game</Filter>
    </ClCompile>
    <ClCompile Include="Util\Log.cpp">
      <Filter>Util</Filter>
    </ClCompile>
    <ClCompile Include="external\glfw\src\cocoa_time.c">
      <Filter>external\glfw</Filter>
    </ClCompile>
    <ClCompile Include="external\glfw\src\context.c">
      <Filter>external\glfw</Filter>
    </ClCompile>
    <ClCompile Include="external\glfw\src\egl_context.c">
      <Filter>external\glfw</Filter>
    </ClCompile>
    <ClCompile Include="external\glfw\src\glx_context.c">
      <Filter>external\glfw</Filter>
    </ClCompile>
    <ClCompile Include="external\glfw\src\init.c">
      <Filter>external\glfw</Filter>
    </ClCompile>
    <ClCompile Include="external\glfw\src\input.c">
      <Filter>external\glfw</Filter>
    </ClCompile>
    <ClCompile Include="external\glfw\src\linux_joystick.c">
      <Filter>external\glfw</Filter>
    </ClCompile>
    <ClCompile Include="external\glfw\src\monitor.c">
      <Filter>external\glfw</Filter>
    </ClCompile>
    <ClCompile Include="external\glfw\src\null_init.c">
      <Filter>external\glfw</Filter>
    </ClCompile>
    <ClCompile Include="external\glfw\src\null_joystick.c">
      <Filter>external\glfw</Filter>
    </ClCompile>
    <ClCompile Include="external\glfw\src\null_monitor.c">
      <Filter>external\glfw</Filter>
    </ClCompile>
    <ClCompile Include="external\glfw\src\null_window.c">
      <Filter>external\glfw</Filter>
    </ClCompile>
    <ClCompile Include="external\glfw\src\osmesa_context.c">
      <Filter>external\glfw</Filter>
    </ClCompile>
    <ClCompile Include="external\glfw\src\platform.c">
      <Filter>external\glfw</Filter>
    </ClCompile>
    <ClCompile Include="external\glfw\src\posix_module.c">
      <Filter>external\glfw</Filter>
    </ClCompile>
    <ClCompile Include="external\glfw\src\posix_poll.c">
      <Filter>external\glfw</Filter>
    </ClCompile>
    <ClCompile Include="external\glfw\src\posix_thread.c">
      <Filter>external\glfw</Filter>
    </ClCompile>
    <ClCompile Include="external\glfw\src\posix_time.c">
      <Filter>external\glfw</Filter>
    </ClCompile>
    <ClCompile Include="external\glfw\src\vulkan.c">
      <Filter>external\glfw</Filter>
    </ClCompile>
    <ClCompile Include="external\glfw\src\wgl_context.c">
      <Filter>external\glfw</Filter>
    </ClCompile>
    <ClCompile Include="external\glfw\src\win32_init.c">
      <Filter>external\glfw</Filter>
    </ClCompile>
    <ClCompile Include="external\glfw\src\win32_joystick.c">
      <Filter>external\glfw</Filter>
    </ClCompile>
    <ClCompile Include="external\glfw\src\win32_module.c">
      <Filter>external\glfw</Filter>
    </ClCompile>
    <ClCompile Include="external\glfw\src\win32_monitor.c">
      <Filter>external\glfw</Filter>
    </ClCompile>
    <ClCompile Include="external\glfw\src\win32_thread.c">
      <Filter>external\glfw</Filter>
    </ClCompile>
    <ClCompile Include="external\glfw\src\win32_time.c">
      <Filter>external\glfw</Filter>
    </ClCompile>
    <ClCompile Include="external\glfw\src\win32_window.c">
      <Filter>external\glfw</Filter>
    </ClCompile>
    <ClCompile Include="external\glfw\src\window.c">
      <Filter>external\glfw</Filter>
    </ClCompile>
    <ClCompile Include="external\glfw\src\wl_init.c">
      <Filter>external\glfw</Filter>
    </ClCompile>
    <ClCompile Include="external\glfw\src\wl_monitor.c">
      <Filter>external\glfw</Filter>
    </ClCompile>
    <ClCompile Include="external\glfw\src\wl_window.c">
      <Filter>external\glfw</Filter>
    </ClCompile>
    <ClCompile Include="external\glfw\src\x11_init.c">
      <Filter>external\glfw</Filter>
    </ClCompile>
    <ClCompile Include="external\glfw\src\x11_monitor.c">
      <Filter>external\glfw</Filter>
    </ClCompile>
    <ClCompile Include="external\glfw\src\x11_window.c">
      <Filter>external\glfw</Filter>
    </ClCompile>
    <ClCompile Include="external\glfw\src\xkb_unicode.c">
      <Filter>external\glfw</Filter>
    </ClCompile>
    <ClCompile Include="Main.cpp" />
    <ClCompile Include="external\glfw\deps\getopt.c">
      <Filter>external\glfw</Filter>
    </ClCompile>
    <ClCompile Include="external\glfw\deps\tinycthread.c">
      <Filter>external\glfw</Filter>
    </ClCompile>
    <ClCompile Include="Engine\Renderer\D3DRenderer.cpp">
      <Filter>Engine\Renderer</Filter>
    </ClCompile>
    <ClCompile Include="Engine\Timer.cpp">
      <Filter>Engine</Filter>
    </ClCompile>
  </ItemGroup>
  <ItemGroup>
    <ClInclude Include="Engine\Engine.h">
      <Filter>Engine</Filter>
    </ClInclude>
    <ClInclude Include="Game\Game.h">
      <Filter>Game</Filter>
    </ClInclude>
    <ClInclude Include="Game\IGame.h">
      <Filter>Game</Filter>
    </ClInclude>
    <ClInclude Include="Engine\IEngine.h">
      <Filter>Engine</Filter>
    </ClInclude>
    <ClInclude Include="Util\Log.h">
      <Filter>Util</Filter>
    </ClInclude>
    <ClInclude Include="Util\Helper.h">
      <Filter>Util</Filter>
    </ClInclude>
    <ClInclude Include="external\glfw\src\cocoa_joystick.h">
      <Filter>external\glfw</Filter>
    </ClInclude>
    <ClInclude Include="external\glfw\src\cocoa_platform.h">
      <Filter>external\glfw</Filter>
    </ClInclude>
    <ClInclude Include="external\glfw\src\cocoa_time.h">
      <Filter>external\glfw</Filter>
    </ClInclude>
    <ClInclude Include="external\glfw\include\GLFW\glfw3.h">
      <Filter>external\glfw</Filter>
    </ClInclude>
    <ClInclude Include="external\glfw\include\GLFW\glfw3native.h">
      <Filter>external\glfw</Filter>
    </ClInclude>
    <ClInclude Include="external\glfw\src\internal.h">
      <Filter>external\glfw</Filter>
    </ClInclude>
    <ClInclude Include="external\glfw\src\linux_joystick.h">
      <Filter>external\glfw</Filter>
    </ClInclude>
    <ClInclude Include="external\glfw\src\xkb_unicode.h">
      <Filter>external\glfw</Filter>
    </ClInclude>
    <ClInclude Include="external\glfw\src\mappings.h">
      <Filter>external\glfw</Filter>
    </ClInclude>
    <ClInclude Include="external\glfw\src\null_joystick.h">
      <Filter>external\glfw</Filter>
    </ClInclude>
    <ClInclude Include="external\glfw\src\null_platform.h">
      <Filter>external\glfw</Filter>
    </ClInclude>
    <ClInclude Include="external\glfw\src\platform.h">
      <Filter>external\glfw</Filter>
    </ClInclude>
    <ClInclude Include="external\glfw\src\posix_poll.h">
      <Filter>external\glfw</Filter>
    </ClInclude>
    <ClInclude Include="external\glfw\src\posix_thread.h">
      <Filter>external\glfw</Filter>
    </ClInclude>
    <ClInclude Include="external\glfw\src\posix_time.h">
      <Filter>external\glfw</Filter>
    </ClInclude>
    <ClInclude Include="external\glfw\src\win32_joystick.h">
      <Filter>external\glfw</Filter>
    </ClInclude>
    <ClInclude Include="external\glfw\src\win32_platform.h">
      <Filter>external\glfw</Filter>
    </ClInclude>
    <ClInclude Include="external\glfw\src\win32_thread.h">
      <Filter>external\glfw</Filter>
    </ClInclude>
    <ClInclude Include="external\glfw\src\win32_time.h">
      <Filter>external\glfw</Filter>
    </ClInclude>
    <ClInclude Include="external\glfw\src\wl_platform.h">
      <Filter>external\glfw</Filter>
    </ClInclude>
    <ClInclude Include="external\glfw\src\x11_platform.h">
      <Filter>external\glfw</Filter>
    </ClInclude>
    <ClInclude Include="external\glfw\deps\mingw\_mingw_dxhelper.h">
      <Filter>external\glfw</Filter>
    </ClInclude>
    <ClInclude Include="external\glfw\deps\mingw\dinput.h">
      <Filter>external\glfw</Filter>
    </ClInclude>
    <ClInclude Include="external\glfw\deps\getopt.h">
      <Filter>external\glfw</Filter>
    </ClInclude>
    <ClInclude Include="external\glfw\deps\glad\gl.h">
      <Filter>external\glfw</Filter>
    </ClInclude>
    <ClInclude Include="external\glfw\deps\glad\gles2.h">
      <Filter>external\glfw</Filter>
    </ClInclude>
    <ClInclude Include="external\glfw\deps\linmath.h">
      <Filter>external\glfw</Filter>
    </ClInclude>
    <ClInclude Include="external\glfw\deps\nuklear.h">
      <Filter>external\glfw</Filter>
    </ClInclude>
    <ClInclude Include="external\glfw\deps\nuklear_glfw_gl2.h">
      <Filter>external\glfw</Filter>
    </ClInclude>
    <ClInclude Include="external\glfw\deps\stb_image_write.h">
      <Filter>external\glfw</Filter>
    </ClInclude>
    <ClInclude Include="external\glfw\deps\tinycthread.h">
      <Filter>external\glfw</Filter>
    </ClInclude>
    <ClInclude Include="external\glfw\deps\glad\vulkan.h">
      <Filter>external\glfw</Filter>
    </ClInclude>
    <ClInclude Include="external\glfw\deps\mingw\xinput.h">
      <Filter>external\glfw</Filter>
    </ClInclude>
    <ClInclude Include="Engine\Renderer\IRenderer.h">
      <Filter>Engine\Renderer</Filter>
    </ClInclude>
    <ClInclude Include="Engine\Renderer\D3DRenderer.h">
      <Filter>Engine\Renderer</Filter>
    </ClInclude>
    <ClInclude Include="Util\Color.h">
      <Filter>Util</Filter>
    </ClInclude>
    <ClInclude Include="Util\Types.h">
      <Filter>Util</Filter>
    </ClInclude>
    <ClInclude Include="Engine\Renderer\RendererOptions.h">
      <Filter>Engine\Renderer</Filter>
    </ClInclude>
    <ClInclude Include="Engine\Timer.h">
      <Filter>Engine</Filter>
    </ClInclude>
    <ClInclude Include="Util\Math\Vertices.h">
      <Filter>Util\Math</Filter>
    </ClInclude>
    <ClInclude Include="Util\Math\Mat4.h">
      <Filter>Util\Math</Filter>
    </ClInclude>
    <ClInclude Include="Util\Math\Vectors.h">
      <Filter>Util\Math</Filter>
    </ClInclude>
  </ItemGroup>
  <ItemGroup>
    <FxCompile Include="assets\shaders\PixelShader.hlsl">
      <Filter>assets\shaders</Filter>
    </FxCompile>
    <FxCompile Include="assets\shaders\VertexShader.hlsl">
      <Filter>assets\shaders</Filter>
    </FxCompile>
  </ItemGroup>
</Project>